# This file is generated by running "yarn install" inside your project.
# Manual changes might be lost - proceed with caution!

__metadata:
  version: 4

"@nestjs/common@npm:^7.0.7":
  version: 7.0.7
  resolution: "@nestjs/common@npm:7.0.7"
  dependencies:
    axios: 0.19.2
    cli-color: 2.0.0
    iterare: 1.2.0
    tslib: 1.11.1
    uuid: 7.0.2
  peerDependencies:
    reflect-metadata: ^0.1.12
    rxjs: ^6.0.0
  checksum: 2/898ff48205bc54e217e9151b8b6687a786948edc339745239cecd006e147a9e1335e428c77c163555fc36003217311bfef627331df599a460d330680524ad7d9
  languageName: node
  linkType: hard

"@nestjs/core@npm:^7.0.7":
  version: 7.0.7
  resolution: "@nestjs/core@npm:7.0.7"
  dependencies:
    "@nuxtjs/opencollective": 0.2.2
    fast-safe-stringify: 2.0.7
    iterare: 1.2.0
    object-hash: 2.0.3
    path-to-regexp: 3.2.0
    tslib: 1.11.1
    uuid: 7.0.2
  peerDependencies:
    "@nestjs/common": ^7.0.0
    reflect-metadata: ^0.1.12
    rxjs: ^6.0.0
  checksum: 2/bbda21b035b1c21a2208cc35a0794543a22214077eb520b58237a352592cabb4dea63390a2adc91d1b23b9bf501764b4f98a48687868dcf4fbd758c3bc793b79
  languageName: node
  linkType: hard

"@nestjs/platform-fastify@npm:^7.0.7":
  version: 7.0.7
  resolution: "@nestjs/platform-fastify@npm:7.0.7"
  dependencies:
    fastify: 2.13.0
    fastify-cors: 3.0.3
    fastify-formbody: 3.1.0
    path-to-regexp: 3.2.0
    tslib: 1.11.1
  peerDependencies:
    "@nestjs/common": ^7.0.0
    "@nestjs/core": ^7.0.0
  checksum: 2/fe0eee4c0f058e536ad3edd294967e4925ab3916b9f14483e021428569158f8090345c5e7f35fd39cfed22d1ddb71af162fbd56f7ab0694c0fd6e031014c3729
  languageName: node
  linkType: hard

"@nuxtjs/opencollective@npm:0.2.2":
  version: 0.2.2
  resolution: "@nuxtjs/opencollective@npm:0.2.2"
  dependencies:
    chalk: ^2.4.1
    consola: ^2.3.0
    node-fetch: ^2.3.0
  bin:
    opencollective: bin/opencollective.js
  checksum: 2/e118f103639802e8daeee125dc7c9f67ba36faf83bbb8823441c4c81b891cfc51ea0b8dd937f5cd484d4d75885c92674f381d01cdc5bddfbf52bc1375492db56
  languageName: node
  linkType: hard

"@types/color-name@npm:^1.1.1":
  version: 1.1.1
  resolution: "@types/color-name@npm:1.1.1"
  checksum: 2/8311db94a9c4ecd247763b81e783ee49d87678b4ce6a7ee502e2bd5cea242b7357804a04855db009f713174bc654cc0c01c7303d40d757e5d710f5ac0368500f
  languageName: node
  linkType: hard

"@types/emscripten@npm:^1.38.0":
  version: 1.39.3
  resolution: "@types/emscripten@npm:1.39.3"
  checksum: 2/dd6453e0de7e5ec31850e021749a2ea6c25af9477d41cc973b1d6ce6cd14da97301d13da7a75e6161064800b0fcfb6c8e4be4b1b730039f724d8decd4e3b8fff
  languageName: node
  linkType: hard

"@yarnpkg/fslib@npm:^2.0.0-rc.17":
  version: 2.0.0-rc.17
  resolution: "@yarnpkg/fslib@npm:2.0.0-rc.17"
  dependencies:
    "@yarnpkg/libzip": ^2.0.0-rc.10
  checksum: 2/4e90a046f1645bac793c88811beb7da945af63cc9ce48930199714050c601adb52c7dab1dd3cac7d9fb200dbade4bcf15248925b98ccb3ed7546c339b9f66817
  languageName: node
  linkType: hard

"@yarnpkg/libzip@npm:^2.0.0-rc.10":
  version: 2.0.0-rc.10
  resolution: "@yarnpkg/libzip@npm:2.0.0-rc.10"
  dependencies:
    "@types/emscripten": ^1.38.0
  checksum: 2/95ae332b349eee4d53e0f098b7d1e4a399960d6661f33873f26cce47d32daa7e0cca7fbeb5f236aa17a20a1e5fd0d250e585267ec356df7732b6a835d934bd66
  languageName: node
  linkType: hard

"@yarnpkg/pnpify@npm:^2.0.0-rc.20":
  version: 2.0.0-rc.20
  resolution: "@yarnpkg/pnpify@npm:2.0.0-rc.20"
  dependencies:
    "@yarnpkg/fslib": ^2.0.0-rc.17
    chalk: ^3.0.0
    comment-json: ^2.2.0
    cross-spawn: 6.0.5
  peerDependencies:
    eslint: "*"
    typescript: "*"
  peerDependenciesMeta:
    eslint:
      optional: true
    typescript:
      optional: true
  bin:
    pnpify: ./lib/cli.js
  checksum: 2/26b1656ffe13ce6760b3abd94d6bbc0f63b567cb7cabecaf14517a61dc79cbefb09bd07732a300e922c3f4edc7c6119c4500f30f9fa39cd67194ae154c5accce
  languageName: node
  linkType: hard

"abstract-logging@npm:^2.0.0":
  version: 2.0.0
  resolution: "abstract-logging@npm:2.0.0"
  checksum: 2/a39757fe94ab143c517860213e44f8c289ca3be9100b05fdc0a1a2df15eebc36744eab5ed3573248bbf3c3af9ba43d673230181a7a6987463898705fe4936d95
  languageName: node
  linkType: hard

"ajv@npm:^6.10.2, ajv@npm:^6.11.0, ajv@npm:^6.12.0":
  version: 6.12.0
  resolution: "ajv@npm:6.12.0"
  dependencies:
    fast-deep-equal: ^3.1.1
    fast-json-stable-stringify: ^2.0.0
    json-schema-traverse: ^0.4.1
    uri-js: ^4.2.2
  checksum: 2/aed1e0ab1b906913e2b466b1a0372ee5e4fe2927802ff81bcce350f482b0546cdb49df6ab551adad191ac19766007cdaf6c2d8b70e992528b806d9a8275ce2bd
  languageName: node
  linkType: hard

"ansi-regex@npm:^2.1.1":
  version: 2.1.1
  resolution: "ansi-regex@npm:2.1.1"
  checksum: 2/93a53c923fd433f67cd3d5647dffa6790f37bbfb924cf73ad23e28a8e414bde142d1da260d9a2be52ac4aa382063196880b1d40cf8b547642c746ed538ebf6c4
  languageName: node
  linkType: hard

"ansi-styles@npm:^3.2.1":
  version: 3.2.1
  resolution: "ansi-styles@npm:3.2.1"
  dependencies:
    color-convert: ^1.9.0
  checksum: 2/456e1c23d9277512a47718da75e7fbb0a5ee215ef893c2f76d6b3efe8fceabc861121b80b0362146f5f995d21a1633f05a19bbf6283ae66ac11dc3b9c0bed779
  languageName: node
  linkType: hard

"ansi-styles@npm:^4.1.0":
  version: 4.2.1
  resolution: "ansi-styles@npm:4.2.1"
  dependencies:
    "@types/color-name": ^1.1.1
    color-convert: ^2.0.1
  checksum: 2/c8c007d5dab7b4fea064c9ea318114e1f6fc714bb382d061ac09e66bc83c8f3ce12bb6354be01598722c14a5d710af280b7614d269354f80d2535946aefa82f4
  languageName: node
  linkType: hard

"archy@npm:^1.0.0":
  version: 1.0.0
  resolution: "archy@npm:1.0.0"
  checksum: 2/fed06a0487f79dd89f30a8558f3e8f88011025ded47b10e412a4fc8f842a4ddec6e51af5a117258f5b84bef587cff7d1e056df4f453a7d8752a46e25bf5be7dc
  languageName: node
  linkType: hard

"atomic-sleep@npm:^1.0.0":
  version: 1.0.0
  resolution: "atomic-sleep@npm:1.0.0"
  checksum: 2/2c6fa68cafef5ec1501245da00cde40b8f7ac71428bd727a923ea883b81ad643667a85677056cd663ad3ca584a49dbeb3a1bd4e6c70c1e9e36afd71b6e36ef96
  languageName: node
  linkType: hard

"avvio@npm:^6.3.1":
  version: 6.3.1
  resolution: "avvio@npm:6.3.1"
  dependencies:
    archy: ^1.0.0
    debug: ^4.0.0
    fastq: ^1.6.0
  checksum: 2/ee25b4501d9fb2399f23630a217acb3c3585512a7bddb5b0de71647785285a9c958f61b50f13528f0eb81969be0ddc89969c9bc8ff1614cbbc2016bdb929b222
  languageName: node
  linkType: hard

"axios@npm:0.19.2":
  version: 0.19.2
  resolution: "axios@npm:0.19.2"
  dependencies:
    follow-redirects: 1.5.10
  checksum: 2/bad346deea24050f9953ce09bb8015f85a99a7b8f016806adccfab0b8981827d1fbee9c77c0ef7c70cc48392c1af6bbc65e07c3e88221d17282d2d5fd0a191f6
  languageName: node
  linkType: hard

"chalk@npm:^2.4.1":
  version: 2.4.2
  resolution: "chalk@npm:2.4.2"
  dependencies:
    ansi-styles: ^3.2.1
    escape-string-regexp: ^1.0.5
    supports-color: ^5.3.0
  checksum: 2/22c7b7b5bc761c882bb6516454a1a671923f1c53ff972860065aa0b28a195f230163c1d46ee88bcc7a03e5539177d896457d8bc727de7f244c6e87032743038e
  languageName: node
  linkType: hard

"chalk@npm:^3.0.0":
  version: 3.0.0
  resolution: "chalk@npm:3.0.0"
  dependencies:
    ansi-styles: ^4.1.0
    supports-color: ^7.1.0
  checksum: 2/4018b0c812880da595d0d7b8159939527b72f58d3370e2fdc1a24d9abd460bab851695d7eca014082f110d5702d1221b05493fec430ccce375de907d50cc48c1
  languageName: node
  linkType: hard

"cli-color@npm:2.0.0":
  version: 2.0.0
  resolution: "cli-color@npm:2.0.0"
  dependencies:
    ansi-regex: ^2.1.1
    d: ^1.0.1
    es5-ext: ^0.10.51
    es6-iterator: ^2.0.3
    memoizee: ^0.4.14
    timers-ext: ^0.1.7
  checksum: 2/6a8824e7f14ab1e5a1275de9b284cbb4e48bc9077742cfd3321dce37cc76bd2c0a7428d29c66098542d9c751d4b230643fca10d968db7462adac8228136508f2
  languageName: node
  linkType: hard

"color-convert@npm:^1.9.0":
  version: 1.9.3
  resolution: "color-convert@npm:1.9.3"
  dependencies:
    color-name: 1.1.3
  checksum: 2/5f244daa3d1fe1f216d48878c550465067d15268688308554e613b7640a068f96588096d51f0b98b68f15d6ff6bb8ad24e172582ac8c0ad43fa4d3da60fd1b79
  languageName: node
  linkType: hard

"color-convert@npm:^2.0.1":
  version: 2.0.1
  resolution: "color-convert@npm:2.0.1"
  dependencies:
    color-name: ~1.1.4
  checksum: 2/3d5d8a011a43012ca11b6d739049ecf2055d95582fd16ec44bf1e685eb0baa5cc652002be8a1dc92b429c8d87418287d0528266a7595cb1ad8a7f4f1d3049df2
  languageName: node
  linkType: hard

"color-name@npm:1.1.3":
  version: 1.1.3
  resolution: "color-name@npm:1.1.3"
  checksum: 2/d8b91bb90aefc05b6ff568cf8889566dcc6269824df6f3c9b8ca842b18d7f4d089c07dc166808d33f22092d4a79167aa56a96a5ff0d21efab548bf44614db43b
  languageName: node
  linkType: hard

"color-name@npm:~1.1.4":
  version: 1.1.4
  resolution: "color-name@npm:1.1.4"
  checksum: 2/3e1c9a4dee12eada307436f61614dd11fe300469db2b83f80c8b7a7cd8a1015f0f18dd13403f018927b249003777ff60baba4a03c65f12e6bddc0dfd9642021f
  languageName: node
  linkType: hard

"comment-json@npm:^2.2.0":
  version: 2.4.2
  resolution: "comment-json@npm:2.4.2"
  dependencies:
    core-util-is: ^1.0.2
    esprima: ^4.0.1
    has-own-prop: ^2.0.0
    repeat-string: ^1.6.1
  checksum: 2/80bc181741f7966946e09ba253e97a4709288acb65e8b30e641efbca0a1a2c79f31d4df6cd1412a17ddb3d1289f552ec13e1d3f983b42ac84de6344fd062cf3d
  languageName: node
  linkType: hard

"consola@npm:^2.3.0":
  version: 2.11.3
  resolution: "consola@npm:2.11.3"
  checksum: 2/44d70b208dda0d220d54a9f4521dc86241a67413f7b7338273815894992fd7567d0ba88e3ebf36ac1f454625df836cb56d1dd733d5c2a40f9ea1f07f3669b953
  languageName: node
  linkType: hard

"cookie@npm:^0.4.0":
  version: 0.4.0
  resolution: "cookie@npm:0.4.0"
  checksum: 2/7aaef4b642c533600fdd001d963a507dfcd814267503374e51d9743475d024feeff8b0b4ddd0777a25791a2efbdfd8bc4a0fe0696104efa195e8f8584807d410
  languageName: node
  linkType: hard

"core-util-is@npm:^1.0.2":
  version: 1.0.2
  resolution: "core-util-is@npm:1.0.2"
  checksum: 2/089015ee3c462dfceba70faa1df83b42a7bb35db26dae6af283247b06fe3216c65fccd9f00eebcaf98300dc31e981d56aae9f90b624f8f6ff1153e235ff88b65
  languageName: node
  linkType: hard

"cross-spawn@npm:6.0.5":
  version: 6.0.5
  resolution: "cross-spawn@npm:6.0.5"
  dependencies:
    nice-try: ^1.0.4
    path-key: ^2.0.1
    semver: ^5.5.0
    shebang-command: ^1.2.0
    which: ^1.2.9
  checksum: 2/05fbbf957d9b81dc05fd799a238f6aacc2e7cc9783fff3f0e00439a97d6f269c90482571cbf1eeea17200fd119161a2d1f88aa49a8110b176e04f2a70825284f
  languageName: node
  linkType: hard

"d@npm:1, d@npm:^1.0.1":
  version: 1.0.1
  resolution: "d@npm:1.0.1"
  dependencies:
    es5-ext: ^0.10.50
    type: ^1.0.1
  checksum: 2/cf9b770965fa4876f7aff46784e4f1a1ee71cc5df7e05c9c36bee52a74340b312b6f7ab224c8bfcc83f4b18c6f6a24e7b50bcd449ba4464c1df69874941324ae
  languageName: node
  linkType: hard

"debug@npm:=3.1.0":
  version: 3.1.0
  resolution: "debug@npm:3.1.0"
  dependencies:
    ms: 2.0.0
  checksum: 2/1295acd5e0531761255661d325cd0a80ac8c5f6de8942a53bb23c2197ccb97526972de662ed0e5d9393be83f3428a298a6e7185ecb02f0da6282019cd2ffb4a8
  languageName: node
  linkType: hard

"debug@npm:^4.0.0":
  version: 4.1.1
  resolution: "debug@npm:4.1.1"
  dependencies:
    ms: ^2.1.1
  checksum: 2/3601a6ce96e4698ed3edf0ee6e67ef0317adfcdae2f66a43b23d1b14e8888b422337429b16dbbcba6801e7bfa6cbb8de3128fbacfb8ae1cd9bd7615ea6baf970
  languageName: node
  linkType: hard

"deepmerge@npm:^4.2.2":
  version: 4.2.2
  resolution: "deepmerge@npm:4.2.2"
  checksum: 2/85abf8e0045ee280996e7d2396979c877ef0741e413b716e42441110e0a83ac08098b2a49cea035510060bf667c0eae3189b2a52349f5fa4b000c211041637b1
  languageName: node
  linkType: hard

"dr-khomyuk@workspace:.":
  version: 0.0.0-use.local
  resolution: "dr-khomyuk@workspace:."
  dependencies:
    "@nestjs/common": ^7.0.7
    "@nestjs/core": ^7.0.7
    "@nestjs/platform-fastify": ^7.0.7
    "@yarnpkg/pnpify": ^2.0.0-rc.20
    reflect-metadata: ^0.1.13
    rxjs: ^6.5.5
    typescript: ^3.8.3
  languageName: unknown
  linkType: soft

"es5-ext@npm:^0.10.35, es5-ext@npm:^0.10.45, es5-ext@npm:^0.10.46, es5-ext@npm:^0.10.50, es5-ext@npm:^0.10.51, es5-ext@npm:~0.10.14, es5-ext@npm:~0.10.2, es5-ext@npm:~0.10.46":
  version: 0.10.53
  resolution: "es5-ext@npm:0.10.53"
  dependencies:
    es6-iterator: ~2.0.3
    es6-symbol: ~3.1.3
    next-tick: ~1.0.0
  checksum: 2/99e8115c2f99674d0defc1e077bb0061cd9e1fc996e93605f83441cc5b3b200b7b3646f9cda9313aa877a05c47b4577ead99a26177136a0ca3f208f67a7b4418
  languageName: node
  linkType: hard

"es6-iterator@npm:^2.0.3, es6-iterator@npm:~2.0.3":
  version: 2.0.3
  resolution: "es6-iterator@npm:2.0.3"
  dependencies:
    d: 1
    es5-ext: ^0.10.35
    es6-symbol: ^3.1.1
  checksum: 2/1880ce31210da874cbb92b404c3128bdf68f616f3a902b2ca1d12f268aaedb11c5e6a2d9d364cde762de0130652a0474ba91abc09fa35f4abf6a8f22a592265e
  languageName: node
  linkType: hard

"es6-symbol@npm:^3.1.1, es6-symbol@npm:~3.1.3":
  version: 3.1.3
  resolution: "es6-symbol@npm:3.1.3"
  dependencies:
    d: ^1.0.1
    ext: ^1.1.2
  checksum: 2/0915d72de8760b56b69ca4360276123a4f61de5a3172fe340ce9288271cf48bcebe3ee46ca8ee0f2fd73206bbbefa7c4a40a6673d278a87c97d3a155de778931
  languageName: node
  linkType: hard

"es6-weak-map@npm:^2.0.2":
  version: 2.0.3
  resolution: "es6-weak-map@npm:2.0.3"
  dependencies:
    d: 1
    es5-ext: ^0.10.46
    es6-iterator: ^2.0.3
    es6-symbol: ^3.1.1
  checksum: 2/8dfd50b2919e16cf246ea9d5f9271eef466924248bc98a48a718cc149d0f67b708628c8e4bd32fa945a813c7780f94270f21ac16fff33c854a348db7e19f084d
  languageName: node
  linkType: hard

"escape-string-regexp@npm:^1.0.5":
  version: 1.0.5
  resolution: "escape-string-regexp@npm:1.0.5"
  checksum: 2/f9484b8b4c8827d816e0fd905c25ed4b561376a9c220e1430403ea84619bf680c76a883a48cff8b8e091daf55d6a497e37479f9787b9f15f3c421b6054289744
  languageName: node
  linkType: hard

"esprima@npm:^4.0.1":
  version: 4.0.1
  resolution: "esprima@npm:4.0.1"
  bin:
    esparse: ./bin/esparse.js
    esvalidate: ./bin/esvalidate.js
  checksum: 2/5df45a3d9c95c36800d028ba76d8d4e04e199932b58c2939f462f859fd583e7d39b4a12d3f97986cf272a28a5fe5948ee6e49e36ef63f67b5b48d82a635c5081
  languageName: node
  linkType: hard

"event-emitter@npm:^0.3.5":
  version: 0.3.5
  resolution: "event-emitter@npm:0.3.5"
  dependencies:
    d: 1
    es5-ext: ~0.10.14
  checksum: 2/92107b89703222355070b8c49208baf9426ce015d54b646a80f6652d348ab6064c5e13f1756ae20c750d8368f4b3cde48bafc56484667ba0e12d07c50b645f21
  languageName: node
  linkType: hard

"ext@npm:^1.1.2":
  version: 1.4.0
  resolution: "ext@npm:1.4.0"
  dependencies:
    type: ^2.0.0
  checksum: 2/c94102371fecdee9f48d1acac2d0e49d49906af457c79d1d7cf1a0a14317ed3e4c99cd8a2e6f9a00e93d54306ee2872e2542edd0aa58bccc4fc72aa429ef215c
  languageName: node
  linkType: hard

"fast-decode-uri-component@npm:^1.0.0":
  version: 1.0.1
  resolution: "fast-decode-uri-component@npm:1.0.1"
  checksum: 2/cb3186565330299464f409745086404098127b834b3e8576ae90f3733cf6bf3ea1831e0e5c802c8b2263af0ac1ecf8aaeb99bc34bb4a935496b3318bb60ef3a1
  languageName: node
  linkType: hard

"fast-deep-equal@npm:^3.1.1":
  version: 3.1.1
  resolution: "fast-deep-equal@npm:3.1.1"
  checksum: 2/38fe57c5ea7dbb42cf84f5d94166358b930beb49345619205ff16c4a0c896f8679a444f0fbd0f352a633f2ea800673173e2a150d81d3d85933d714d24498c688
  languageName: node
  linkType: hard

"fast-json-stable-stringify@npm:^2.0.0":
  version: 2.1.0
  resolution: "fast-json-stable-stringify@npm:2.1.0"
  checksum: 2/7df3fabfe445d65953b2d9d9d3958bd895438b215a40fb87dae8b2165c5169a897785eb5d51e6cf0eb03523af756e3d82ea01083f6ac6341fe16db532fee3016
  languageName: node
  linkType: hard

"fast-json-stringify@npm:^1.18.0":
  version: 1.20.1
  resolution: "fast-json-stringify@npm:1.20.1"
  dependencies:
    ajv: ^6.11.0
    deepmerge: ^4.2.2
    string-similarity: ^4.0.1
  checksum: 2/c5ad6e93324ac4111ea79b00f016f675173d449a2814a849a3ed6701fa1d25426cf61b178e42f072f96218398e4a04ff7e8619d7f2c993ac6326f2ba6e35187f
  languageName: node
  linkType: hard

"fast-redact@npm:^2.0.0":
  version: 2.0.0
  resolution: "fast-redact@npm:2.0.0"
  checksum: 2/dc2b3a85cfa5bc23d1d75cac1b19868ecf12e4cc75542244a36c87150681f09ccf6e5198041e928a02a9d6bb6d0514c0675677b4ee876ecf558a39ef07d21e23
  languageName: node
  linkType: hard

"fast-safe-stringify@npm:2.0.7, fast-safe-stringify@npm:^2.0.7":
  version: 2.0.7
  resolution: "fast-safe-stringify@npm:2.0.7"
  checksum: 2/7bd22543263b707870d70c6f2336b6e8563e34d6807dc388cc0566895e31e0a8273af017a7eb1c9538d0ef54288284e1c0585b557bd856491295a847159fd929
  languageName: node
  linkType: hard

"fastify-cors@npm:3.0.3":
  version: 3.0.3
  resolution: "fastify-cors@npm:3.0.3"
  dependencies:
    fastify-plugin: ^1.6.0
    vary: ^1.1.2
  checksum: 2/4cd3f9f6baa35510003210901e68269a0676f30b080028ceb6c2111329e1e4c0155d5755e56cf3b51b730f2b030b80ea2f6e02291aca100e6a0139bb51c6df58
  languageName: node
  linkType: hard

"fastify-formbody@npm:3.1.0":
  version: 3.1.0
  resolution: "fastify-formbody@npm:3.1.0"
  dependencies:
    fastify-plugin: ^1.0.0
    qs: ^6.5.1
  checksum: 2/72b322242e58bdc9583d12ee4e2ef577d44245f2a745789f85ad79a3a03a668bf8f5c35a19c1307ea269d1d939eb7db382d72489debbeb06f2877d87e760fa6e
  languageName: node
  linkType: hard

"fastify-plugin@npm:^1.0.0, fastify-plugin@npm:^1.6.0":
  version: 1.6.1
  resolution: "fastify-plugin@npm:1.6.1"
  dependencies:
    semver: ^6.3.0
  checksum: 2/d07c9fe38c88717750758ac86fbafba166990f41c7eab960f7e16008f10b1a1829cc57d624343fcbf6c377d91ead58ea6bacfba569902afa6e747b8d832f0785
  languageName: node
  linkType: hard

"fastify@npm:2.13.0":
  version: 2.13.0
  resolution: "fastify@npm:2.13.0"
  dependencies:
    abstract-logging: ^2.0.0
    ajv: ^6.12.0
    avvio: ^6.3.1
    fast-json-stringify: ^1.18.0
    find-my-way: ^2.2.2
    flatstr: ^1.0.12
    light-my-request: ^3.7.2
    middie: ^4.1.0
    pino: ^5.17.0
    proxy-addr: ^2.0.6
    readable-stream: ^3.6.0
    rfdc: ^1.1.2
    secure-json-parse: ^2.1.0
    tiny-lru: ^7.0.2
  checksum: 2/cd10ed4fd43bd73d7ee3313fd2bd83109393e7786bf5e283f0bb25043ec2b9158073b6050b61af30c81aff9562deb3a98909e3bc65cad365a3711bb213071517
  languageName: node
  linkType: hard

"fastq@npm:^1.6.0":
  version: 1.7.0
  resolution: "fastq@npm:1.7.0"
  dependencies:
    reusify: ^1.0.4
  checksum: 2/593e095ca627c6a07831f115a724963ba8ec21052ee8421339e9143a8edfe75008424be545afcae804a8dd8d2062629e6245e0d5ed722e1256e0b9588816f135
  languageName: node
  linkType: hard

"find-my-way@npm:^2.2.2":
  version: 2.2.2
  resolution: "find-my-way@npm:2.2.2"
  dependencies:
    fast-decode-uri-component: ^1.0.0
    safe-regex2: ^2.0.0
    semver-store: ^0.3.0
  checksum: 2/50c57b59d4e8e2f2941f9eb8c4bce3d4098b4ef377a15c31d678396ac2e0df8241f4c88d4f087790a4bde00c0c074b3e157230f20dd2f66b0fc3ee37301112c2
  languageName: node
  linkType: hard

"flatstr@npm:^1.0.12":
  version: 1.0.12
  resolution: "flatstr@npm:1.0.12"
  checksum: 2/2803767f91887ffd60ac2aac0d6ccf2dd9e2d8f216628a73e3f525d5b5bfa4ac9a5b57334a4c1e6d5622f92f440c52562f7ca9719ace9d025d6c5b7a1a1579db
  languageName: node
  linkType: hard

"follow-redirects@npm:1.5.10":
  version: 1.5.10
  resolution: "follow-redirects@npm:1.5.10"
  dependencies:
    debug: =3.1.0
  checksum: 2/6e58e02c31337b6b41ffc3d5f3d49920b7db428eddcf374537da00ef121fe473983e12d8557f4304287604168d3efcc288d1f009abaf4c9d61e5db0c0cee3c4a
  languageName: node
  linkType: hard

"forwarded@npm:~0.1.2":
  version: 0.1.2
  resolution: "forwarded@npm:0.1.2"
  checksum: 2/568d862ad1c514813fc62dc1bd58b8669b16d4ee2e634a6fc71f4849df798883ab94e63d8e1b35a17af51b2b39ca869e672c7310efe42fc7b9bad43a80b5ff87
  languageName: node
  linkType: hard

"has-flag@npm:^3.0.0":
  version: 3.0.0
  resolution: "has-flag@npm:3.0.0"
  checksum: 2/63aade480d27aeedb3b5b63a2e069d47d0006bf182338d662e7941cdc024e68a28418e0efa8dc5df30db9c4ee2407f39e6ea3f16cfbc6b83848b450826a28aa0
  languageName: node
  linkType: hard

"has-flag@npm:^4.0.0":
  version: 4.0.0
  resolution: "has-flag@npm:4.0.0"
  checksum: 2/2e5391139d3d287231ccb58659702392f6e3abeac3296fb4721afaff46493f3d9b99a9329ae015dfe973aa206ed5c75f43e86aec0267dce79aa5c2b6e811b3ad
  languageName: node
  linkType: hard

"has-own-prop@npm:^2.0.0":
  version: 2.0.0
  resolution: "has-own-prop@npm:2.0.0"
  checksum: 2/8513ff905297afb7b65f4e22012a2c8e20ab006067841015bf338cfd23019b6c7cec89b5192b4cb7eaaa2a5370d2474dc9a0bcfdfd71100c45b8d3be9882f45b
  languageName: node
  linkType: hard

"inherits@npm:^2.0.3":
  version: 2.0.4
  resolution: "inherits@npm:2.0.4"
  checksum: 2/98426da247ddfc3dcd7d7daedd90c3ca32d5b08deca08949726f12d49232aef94772a07b36cf4ff833e105ae2ef931777f6de4a6dd8245a216b9299ad4a50bea
  languageName: node
  linkType: hard

"ipaddr.js@npm:1.9.1":
  version: 1.9.1
  resolution: "ipaddr.js@npm:1.9.1"
  checksum: 2/de15bc7e63973d960abc43c9fbbf19589c726774f59d157d1b29382a1e86ae87c68cbd8b5c78a1712a87fc4fcd91e10762c7671950c66a1a19040ff4fd2f9c9b
  languageName: node
  linkType: hard

"is-promise@npm:^2.1":
  version: 2.1.0
  resolution: "is-promise@npm:2.1.0"
  checksum: 2/3387cf8d8720439e3f8945e962ecf7590df81dfc89bcfea97f41b7db317c8997a82224014fc8f81e3634841f97b5bf103d8584d3ecdd7b6e159a793d8e3f6ad1
  languageName: node
  linkType: hard

"isexe@npm:^2.0.0":
  version: 2.0.0
  resolution: "isexe@npm:2.0.0"
  checksum: 2/7b437980bb77881a146fba85cfbdf01edc2b148673e9c2722a1e49661fea73adf524430a80fdbfb8ce9f60d43224e682c657c45030482bd39e0c488fc29b4afe
  languageName: node
  linkType: hard

"iterare@npm:1.2.0":
  version: 1.2.0
  resolution: "iterare@npm:1.2.0"
  checksum: 2/b3f87ff6cba51882b67579dd35a08deb544658497d718784d0eeea8bfd3a4d31e18bef5b1fe192ac37780456930c5890749ca933aa9575fa28f08599256de457
  languageName: node
  linkType: hard

"json-schema-traverse@npm:^0.4.1":
  version: 0.4.1
  resolution: "json-schema-traverse@npm:0.4.1"
  checksum: 2/6f71bddba38aa043cf9c05ff9cf37158a6657909f1dd37032ba164b76923da47a17bb4592ee4f7f9c029dfaf26965b821ac214c1f991bb3bd038c9cfea2da50b
  languageName: node
  linkType: hard

"light-my-request@npm:^3.7.2":
  version: 3.7.4
  resolution: "light-my-request@npm:3.7.4"
  dependencies:
    ajv: ^6.10.2
    cookie: ^0.4.0
    readable-stream: ^3.4.0
    set-cookie-parser: ^2.4.1
  checksum: 2/b58b843a9bb556c360cb4daa37a1951377b3682edaec26d612dc675a3c54796eea7272ae4c1a1f9fe5541373e33d1b9a5971f106b5f381cde8787aa50c3c497c
  languageName: node
  linkType: hard

"lru-queue@npm:0.1":
  version: 0.1.0
  resolution: "lru-queue@npm:0.1.0"
  dependencies:
    es5-ext: ~0.10.2
  checksum: 2/2eab98cdfb3101dab91ef6b8b50fce616440fa29d27ef1a1b99aa6be13422d03d6ebee15c1eb4873971c34baee27d64376aebc64560aecb37a328c82e3f40169
  languageName: node
  linkType: hard

"memoizee@npm:^0.4.14":
  version: 0.4.14
  resolution: "memoizee@npm:0.4.14"
  dependencies:
    d: 1
    es5-ext: ^0.10.45
    es6-weak-map: ^2.0.2
    event-emitter: ^0.3.5
    is-promise: ^2.1
    lru-queue: 0.1
    next-tick: 1
    timers-ext: ^0.1.5
  checksum: 2/89530bbed2a59f20dd115d743f17159e0f857bd83186e5ffcfa6a4b88f47a6173472f351c7ae2219c4993c2888103e3ac348959356a104b74aba195c2db47ee6
  languageName: node
  linkType: hard

"middie@npm:^4.1.0":
  version: 4.1.0
  resolution: "middie@npm:4.1.0"
  dependencies:
    path-to-regexp: ^4.0.0
    reusify: ^1.0.2
  checksum: 2/cff569ab58ea69c30d3874690521bd912c772c69f6599d97b3a805b9591b4dd563cae025edb856379773882b42643647a4bdd5dc2548fc408d47d449480e702a
  languageName: node
  linkType: hard

"ms@npm:2.0.0":
  version: 2.0.0
  resolution: "ms@npm:2.0.0"
  checksum: 2/1a230340cc7f322fbe916783d8c8d60455407c6b7fb7f901d6ee34eb272402302c5c7f070a97b8531245cbb4ca6a0a623f6a128d7e5a5440cefa2c669c0b35bb
  languageName: node
  linkType: hard

"ms@npm:^2.1.1":
  version: 2.1.2
  resolution: "ms@npm:2.1.2"
  checksum: 2/9b65fb709bc30c0c07289dcbdb61ca032acbb9ea5698b55fa62e2cebb04c5953f1876a1f3f7f4bc2e91d4bf4d86003f3e207c3bc6ee2f716f99827e62389cd0e
  languageName: node
  linkType: hard

"next-tick@npm:1":
  version: 1.1.0
  resolution: "next-tick@npm:1.1.0"
  checksum: 2/586cc85dcd8ec759b03269b39c8e3d899a27dbe49c472e7fb2b6a98b14a5b46d8c3b1b9a5fae29eb22881d9efa6d882d44617c51268b49d92e98ba8f20d42000
  languageName: node
  linkType: hard

"next-tick@npm:~1.0.0":
  version: 1.0.0
  resolution: "next-tick@npm:1.0.0"
  checksum: 2/18db63c447c6e65a23235b91da9ccdae53f74f9194cfbc71a1fd3170cdf81bd157d9676e47c2ea4ea5bd20e09fb019917b0a45d8e1a63e377175fc083f285234
  languageName: node
  linkType: hard

"nice-try@npm:^1.0.4":
  version: 1.0.5
  resolution: "nice-try@npm:1.0.5"
  checksum: 2/330f190bf68146a560008b661e1ddbb2eac667c16990b6bf791516d89cceb707ec67901ad647d2b32674bfa816b916489cead5c2fb6e96864c659573ab5aa3bb
  languageName: node
  linkType: hard

"node-fetch@npm:^2.3.0":
  version: 2.6.0
  resolution: "node-fetch@npm:2.6.0"
  checksum: 2/dd9f586a9f7ddb7dd94d2aba9cb693d32f5001e9850098512fbc8a4cbdd56838afa08ed0a6725b9fce9b01ec12b713e622cbfc16d92762d8b937b238330a632a
  languageName: node
  linkType: hard

"object-hash@npm:2.0.3":
  version: 2.0.3
  resolution: "object-hash@npm:2.0.3"
  checksum: 2/e633ae67cd6c5f3cd52af5bef0fe7f25d597b415a6d92a601be0b97a47642908cf333cedfc9e848d25b6c51fd6cf6e64ff6eb3af710eae249a42f6a69ad6b12d
  languageName: node
  linkType: hard

"path-key@npm:^2.0.1":
  version: 2.0.1
  resolution: "path-key@npm:2.0.1"
  checksum: 2/7dc807a2baa11d6bc0fca72148a0a0ca69ab73d98fbe42e10d22764d1ef547767f2b4ff827c6bc66e733388cd8d54297a45a39499825b9fdfd18959202384029
  languageName: node
  linkType: hard

"path-to-regexp@npm:3.2.0":
  version: 3.2.0
  resolution: "path-to-regexp@npm:3.2.0"
  checksum: 2/7e220bac686e1f3e46ed76fa186dada487cb84221ff306f1d6f7761475093e2f2867e18a300d5c630f874f73e77b416f30e8214a4b6871769662f9578284379d
  languageName: node
  linkType: hard

"path-to-regexp@npm:^4.0.0":
  version: 4.0.5
  resolution: "path-to-regexp@npm:4.0.5"
  checksum: 2/c7e86d3eb5c4e54e1866b6f8305ac159c7215368268c32806f198815c034242da88d06c681a0c9287982c2e425045e2fd0179891fb308378a82ff03159240d2a
  languageName: node
  linkType: hard

"pino-std-serializers@npm:^2.4.2":
  version: 2.4.2
  resolution: "pino-std-serializers@npm:2.4.2"
  checksum: 2/85526a9b35f268bf744e3b9cdb032fb8bcf9aebc6ece2ed04fb0340e7571bea8a48a5f8a7cef1791fffd6bbab7e1f1ff831a072f6c21dd48500d66f50e165f3c
  languageName: node
  linkType: hard

"pino@npm:^5.17.0":
  version: 5.17.0
  resolution: "pino@npm:5.17.0"
  dependencies:
    fast-redact: ^2.0.0
    fast-safe-stringify: ^2.0.7
    flatstr: ^1.0.12
    pino-std-serializers: ^2.4.2
    quick-format-unescaped: ^3.0.3
    sonic-boom: ^0.7.5
  bin:
    pino: bin.js
  checksum: 2/31650510c227c27a56c7fd6405649ad88e0434238a3be57d540edc0208e497c1990b3a60f1a7f9b32963172c801e619a5bb8c6100d51152168e86aacacaab056
  languageName: node
  linkType: hard

"proxy-addr@npm:^2.0.6":
  version: 2.0.6
  resolution: "proxy-addr@npm:2.0.6"
  dependencies:
    forwarded: ~0.1.2
    ipaddr.js: 1.9.1
  checksum: 2/a7dcfd70258cdc3b73c5dc4a35c73db9857f3bf4cf5e6404380e8ea558f8c5569147e721a01195d00b450e36b4dde727fc9d22fdea14310ba38faa595530cd58
  languageName: node
  linkType: hard

"punycode@npm:^2.1.0":
  version: 2.1.1
  resolution: "punycode@npm:2.1.1"
  checksum: 2/0202dc191cb35bfd88870ac99a1e824b03486d4cee20b543ef337a6dee8d8b11017da32a3e4c40b69b19976e982c030b62bd72bba42884acb691bc5ef91354c8
  languageName: node
  linkType: hard

"qs@npm:^6.5.1":
  version: 6.9.3
  resolution: "qs@npm:6.9.3"
  checksum: 2/ac934049258cbebd4c6691c9c5c2676e90ed481b18178c030ef6acaa08e737d959028a4a75f460e414a5f24e1ef4a4aafb63d0b2fbc074d8597e2d17c2b9ec24
  languageName: node
  linkType: hard

"quick-format-unescaped@npm:^3.0.3":
  version: 3.0.3
  resolution: "quick-format-unescaped@npm:3.0.3"
  checksum: 2/618bf766b72638de975c2102bd55cb467d0361e6be7828431494dba3deca721bc44b172479bce2524ce56ddc17db0998406c41f7682e99ec7032518c72292562
  languageName: node
  linkType: hard

"readable-stream@npm:^3.4.0, readable-stream@npm:^3.6.0":
  version: 3.6.0
  resolution: "readable-stream@npm:3.6.0"
  dependencies:
    inherits: ^2.0.3
    string_decoder: ^1.1.1
    util-deprecate: ^1.0.1
  checksum: 2/f178b1daa80d9e58ebba71dbb08486430aa6f0dea3a22a1b7401f3f6983077d0bc0edea43099db06b8d006c9ad48d6383e8fb72c05d5b187670aeaf1b9b44f00
  languageName: node
  linkType: hard

"reflect-metadata@npm:^0.1.13":
  version: 0.1.13
  resolution: "reflect-metadata@npm:0.1.13"
  checksum: 2/629101e6c8b7e0d3166fa51953f908f45b5c73dbaf1375c4f8c3ed62221b870c951343b9b031d0c49957e7262a88020f41be25731ee85b5d779f12c7cec66005
  languageName: node
  linkType: hard

"repeat-string@npm:^1.6.1":
  version: 1.6.1
  resolution: "repeat-string@npm:1.6.1"
  checksum: 2/99c431ba7bef7a5d39819d562ebca89206368b45f73213677a3b562e25b5dd272d9e6a2ca8105001df14b6fc8cc71f0b10258c86e16cf8a256318fac1ddc8a77
  languageName: node
  linkType: hard

"ret@npm:~0.2.0":
  version: 0.2.2
  resolution: "ret@npm:0.2.2"
  checksum: 2/ad260291ff71343d443016b7c6ba0831dd9a51201e621ac8cfc19ab3491ffab41d2b5e4e3a3def06568a665b37a901921f51739c5012c093f2d8582f2d39f3de
  languageName: node
  linkType: hard

"reusify@npm:^1.0.2, reusify@npm:^1.0.4":
  version: 1.0.4
  resolution: "reusify@npm:1.0.4"
  checksum: 2/08ef02ed0514f020a51131ba2e6c27c66ccebe25d49cfc83467a0d4054db4634a2853480d0895c710b645ab66af1a6fb3e183888306ae559413bd96c69f39ccd
  languageName: node
  linkType: hard

"rfdc@npm:^1.1.2":
  version: 1.1.4
  resolution: "rfdc@npm:1.1.4"
  checksum: 2/40a3a89d87a4398df94aa6210b1e51cab9351ddc6e486290ff0477e2b72e2c9e36b281ecebcb2655ad8c9ab71db3717d2e25e3f97fadd54cc02d1d9bd2ccf76e
  languageName: node
  linkType: hard

"rxjs@npm:^6.5.5":
  version: 6.5.5
  resolution: "rxjs@npm:6.5.5"
  dependencies:
    tslib: ^1.9.0
  checksum: 2/a3882e0374af8aa32459ea9219fdcf24cb5a943cdf35f50da4ded48435ec474647c315b85c3e7b703927a55689e54037538cbd24789548d07b74e4865c4adb78
  languageName: node
  linkType: hard

"safe-buffer@npm:~5.2.0":
  version: 5.2.0
  resolution: "safe-buffer@npm:5.2.0"
  checksum: 2/e513079353a235749e64dc3b1ade741caf651c09d1291ee826e68d42c08913dcd2c76b291dd23979b0fd0bd551d99f4a3d8cc05aef4e9c75bebf6cbbd310b129
  languageName: node
  linkType: hard

"safe-regex2@npm:^2.0.0":
  version: 2.0.0
  resolution: "safe-regex2@npm:2.0.0"
  dependencies:
    ret: ~0.2.0
  checksum: 2/7557097314b77a5d1405486ff9bed7a4d745b657b21a7242c7a9bbf9d7364d6329a603c6f6428d2037b339acf95c99e19808a9904ebfe92ce0525fa199d950d3
  languageName: node
  linkType: hard

"secure-json-parse@npm:^2.1.0":
  version: 2.1.0
  resolution: "secure-json-parse@npm:2.1.0"
  checksum: 2/1d5327c1ecabc99678620e0c005a3e9d08ff0b2d8b8aef8ba8242b39e0cb17984453dfcf1967bde072c010a4e9f02a3abb1c186f56c0bbd39654a0ee247b77dd
  languageName: node
  linkType: hard

"semver-store@npm:^0.3.0":
  version: 0.3.0
  resolution: "semver-store@npm:0.3.0"
  checksum: 2/13ca89d1f480425ee362834406cebb3274e6c47c7f1104a144b738dae5877063a55b02fa955bfc276c1e53aa3fd1ac82f78e85ba2b312371d569ef5d4723bfe5
  languageName: node
  linkType: hard

"semver@npm:^5.5.0":
  version: 5.7.1
  resolution: "semver@npm:5.7.1"
  bin:
    semver: ./bin/semver
  checksum: 2/06ff0ed753ebf741b7602be8faad620d6e160a2cb3f61019d00d919c8bca141638aa23c34da779b8595afdc9faa3678bfbb5f60366b6a4f65f98cf86605bbcdb
  languageName: node
  linkType: hard

"semver@npm:^6.3.0":
  version: 6.3.0
  resolution: "semver@npm:6.3.0"
  bin:
    semver: ./bin/semver.js
  checksum: 2/f0d155c06a67cc7e500c92d929339f1c6efd4ce9fe398aee6acc00a2333489cca0f5b4e76ee7292beba237fcca4b5a3d4a6153471f105f56299801bdab37289f
  languageName: node
  linkType: hard

"set-cookie-parser@npm:^2.4.1":
  version: 2.4.5
  resolution: "set-cookie-parser@npm:2.4.5"
  checksum: 2/1ffe37853e2e5696262ec63ab5e2b103d59ab36df1fc738885d5a64f86a642d453c03e204e2aa4f653e0e4428e182b074b29bfae797fbe9a6fb8c5bf26d3ddb4
  languageName: node
  linkType: hard

"shebang-command@npm:^1.2.0":
  version: 1.2.0
  resolution: "shebang-command@npm:1.2.0"
  dependencies:
    shebang-regex: ^1.0.0
  checksum: 2/2a1e0092a6b80b14ec742ef4e982be8aa670edc7de3e8c68b26744fb535051f7d92518106387b52e9aabe0c1ceae33d23a7dfdb94c3d7f5035c3868b723a2854
  languageName: node
  linkType: hard

"shebang-regex@npm:^1.0.0":
  version: 1.0.0
  resolution: "shebang-regex@npm:1.0.0"
  checksum: 2/cf1a41cb09023e7d39739d7145fcba57c3fabc6728b78ce706f7315cf52dfadf30f7eea664e069224fbcbbfb6ab853bc55ac45f494b47ee73fc209c98487fae5
  languageName: node
  linkType: hard

"sonic-boom@npm:^0.7.5":
  version: 0.7.7
  resolution: "sonic-boom@npm:0.7.7"
  dependencies:
    atomic-sleep: ^1.0.0
    flatstr: ^1.0.12
  checksum: 2/621a83fcc3403ef6024cf6ec0e2a3fbd70292335cf37a27a07855620258159c1f4a7c57a7bd89cbe530a23f86b5f2941dee13f65c34adf8b3079807a14293588
  languageName: node
  linkType: hard

"string-similarity@npm:^4.0.1":
  version: 4.0.1
  resolution: "string-similarity@npm:4.0.1"
  checksum: 2/1e98bd5e64fae5426544f2e96b817dc515289074b33f773e628531ba4e0543a8ba01899be36ba1fa6b60bc458a8c77c7cf6983c5abf3d3592d04dd503b4c240a
  languageName: node
  linkType: hard

"string_decoder@npm:^1.1.1":
  version: 1.3.0
  resolution: "string_decoder@npm:1.3.0"
  dependencies:
    safe-buffer: ~5.2.0
  checksum: 2/0a09afb610cb538707fcf0a50a080f159040529eabdba82f23b04f1d1f90adf9ba18cc3800231c6ab2ee55dece047f4bed87c56da52b2afd85c3c7fb73eb7e48
  languageName: node
  linkType: hard

"supports-color@npm:^5.3.0":
  version: 5.5.0
  resolution: "supports-color@npm:5.5.0"
  dependencies:
    has-flag: ^3.0.0
  checksum: 2/edacee6425498440744c418be94b0660181aad2a1828bcf2be85c42bd385da2fd8b2b358d9b62b0c5b03ff5cd3e992458d7b8f879d9fb42f2201fe05a4848a29
  languageName: node
  linkType: hard

"supports-color@npm:^7.1.0":
  version: 7.1.0
  resolution: "supports-color@npm:7.1.0"
  dependencies:
    has-flag: ^4.0.0
  checksum: 2/6130f36b2a71f73014a6ef306bbaa5415d8daa5c0294082762a0505e4fb6800b8a9d037b60ed54f0c69cdfc37860034047d6004481c21f22dd43151b5e9334f0
  languageName: node
  linkType: hard

"timers-ext@npm:^0.1.5, timers-ext@npm:^0.1.7":
  version: 0.1.7
  resolution: "timers-ext@npm:0.1.7"
  dependencies:
    es5-ext: ~0.10.46
    next-tick: 1
  checksum: 2/4593b57c397934fc7ddf7b240a8ff8468cdd7006407a442ec48c291bd85dcb7268858b72d1132bc55309e29d8eeae796f9edf378b0b45feff56b51f350e723b6
  languageName: node
  linkType: hard

"tiny-lru@npm:^7.0.2":
  version: 7.0.2
  resolution: "tiny-lru@npm:7.0.2"
  checksum: 2/7a49393ccea5fde31293bdb37f9604e3907ffdf5e6e66949bfa479a0434e9cd1e1ee67741af3574d4938e909fe9ea7ad81fbc920655e7041dd0bce7c92627110
  languageName: node
  linkType: hard

"tslib@npm:1.11.1, tslib@npm:^1.9.0":
  version: 1.11.1
  resolution: "tslib@npm:1.11.1"
  checksum: 2/d40eba08de267b2d3c458ddbf51f9010a45b8e752d3bf8c0fed63e266afc9277c6a26e65e51223335b8753f9f106aeb600e704f2a6eae05729160671a97c52e7
  languageName: node
  linkType: hard

"type@npm:^1.0.1":
  version: 1.2.0
  resolution: "type@npm:1.2.0"
  checksum: 2/1589416fd9d0a0a1bf18c62dbc7452b0f22017efd5bfc2912050bb57421b084801563ff13b3e3efd60df45590f23e1f3d27d892aeeec9b3ed142c917a4858812
  languageName: node
  linkType: hard

"type@npm:^2.0.0":
  version: 2.0.0
  resolution: "type@npm:2.0.0"
  checksum: 2/aa673b5a91fce3827f7f13fdd0b78582fa1946c493e42d4afaa5566295725630cc274069e55da48bcffe0fb6aa7d398be1e4808fd5b132eb6355db6cec3ef023
  languageName: node
  linkType: hard

typescript@^3.8.3:
  version: 3.8.3
  resolution: "typescript@npm:3.8.3"
  bin:
    tsc: bin/tsc
    tsserver: bin/tsserver
  checksum: 2/519b11576247fe3570d89a2aa757d8f666aafc0cb9465a6cdd4df09c1dc6bf7285f0c6008d2ac7a55ea26457e767aaab819f58439d80af2cce1d9805b2be1034
  languageName: node
  linkType: hard

"typescript@patch:typescript@^3.8.3#builtin<compat/typescript>":
  version: 3.8.3
  resolution: "typescript@patch:typescript@npm%3A3.8.3#builtin<compat/typescript>::version=3.8.3&hash=270b6c"
  bin:
    tsc: bin/tsc
    tsserver: bin/tsserver
  checksum: 2/2950b292ac700898647d49ca5f07fa546f6c3d28983ba559c5b4fa360babdc1734493b7f5f72553735eaa401c850989d7bbbd70f739df3c0b7fc83c82e37d8a5
  languageName: node
  linkType: hard

"uri-js@npm:^4.2.2":
  version: 4.2.2
  resolution: "uri-js@npm:4.2.2"
  dependencies:
    punycode: ^2.1.0
  checksum: 2/651a49f55d6d65a15e589ed5ffa23bf99e495699e246c1c3fecbe6f232c675589fdae4e93a88608525ff130f39b6fb854c19982820813a2d94c005c11eafd7ed
  languageName: node
  linkType: hard

"util-deprecate@npm:^1.0.1":
  version: 1.0.2
  resolution: "util-deprecate@npm:1.0.2"
  checksum: 2/73c2b1cf0210ccac300645384d8443cabbd93194117b2dc1b3bae8d8279ad39aedac857e020c4ea505e96a1045059c7359db3df6a9df0be6b8584166c9d61dc9
  languageName: node
  linkType: hard

"uuid@npm:7.0.2":
  version: 7.0.2
  resolution: "uuid@npm:7.0.2"
  bin:
    uuid: dist/bin/uuid
  checksum: 2/25137594ba74b0ca8bcf582f8c7c2e7556efe621d5cf2459d0c713755cb67c8546768b2d05c62d65a890a44e213551010f169cfa7c6ace4adcdd1bdfab22a627
  languageName: node
  linkType: hard

"vary@npm:^1.1.2":
  version: 1.1.2
  resolution: "vary@npm:1.1.2"
  checksum: 2/591f059f727ac1ba0d97cb7767f8583a03fcbb07db7be2b7dce838ede520ec0e958a41cb19077054769077fdc49a9b9a2dc391c83426bfee89c054b8cc7404bf
  languageName: node
  linkType: hard

"which@npm:^1.2.9":
  version: 1.3.1
  resolution: "which@npm:1.3.1"
  dependencies:
    isexe: ^2.0.0
  bin:
    which: ./bin/which
  checksum: 2/298d95f9c185c4da22c1bfb1fdfa37c2ba56df8a6b98706ab361bf31a7d3a4845afaecfc48d4de7a259048842b5f2977f51b56f5c06c1f6a83dcf5a9e3de634a
  languageName: node
  linkType: hard
